
Microsoft Visual Studio Solution File, Format Version 12.00
# Visual Studio Version 16
VisualStudioVersion = 16.0.29201.188
MinimumVisualStudioVersion = 10.0.40219.1
Project("{E53339B2-1760-4266-BCC7-CA923CBCF16C}") = "docker-compose", "Docker\docker-compose.dcproj", "{AB4A36B0-A537-42B0-9157-A29093B114A1}"
EndProject
Project("{9A19103F-16F7-4668-BE54-9A1E7A4F7556}") = "Todos.Api", "Todos\Todos.Api\Todos.Api.csproj", "{FF8B6753-74A3-488E-B7C0-269B041CED0A}"
EndProject
Project("{2150E333-8FDC-42A3-9474-1A3956D46DE8}") = "Todos", "Todos", "{71A1C1C4-B3B4-4A6B-8FFD-9314E63D90E4}"
EndProject
Project("{2150E333-8FDC-42A3-9474-1A3956D46DE8}") = "Web", "Web", "{EAF6F0D2-7723-44A7-A67E-0A121497FCEC}"
EndProject
Project("{9A19103F-16F7-4668-BE54-9A1E7A4F7556}") = "Web", "Web\Web.csproj", "{ECBFCC44-A245-4A75-9ABE-3292641E20B5}"
EndProject
Project("{9A19103F-16F7-4668-BE54-9A1E7A4F7556}") = "Todos.Domain", "Todos\Todos.Domain\Todos.Domain.csproj", "{97964672-51ED-4644-A910-1349DDA634A9}"
EndProject
Project("{9A19103F-16F7-4668-BE54-9A1E7A4F7556}") = "Todos.Dal", "Todos\Todos.Dal\Todos.Dal.csproj", "{10E22341-6C91-4683-8D7D-F1A440AD2CE3}"
EndProject
Project("{2150E333-8FDC-42A3-9474-1A3956D46DE8}") = "Users", "Users", "{EF0C66D2-A22B-4820-A230-B39545180D86}"
EndProject
Project("{9A19103F-16F7-4668-BE54-9A1E7A4F7556}") = "Users", "Users\Users.csproj", "{CB98AAA7-0F58-4AAF-9EF2-A2D897C475F7}"
EndProject
Global
	GlobalSection(SolutionConfigurationPlatforms) = preSolution
		Debug|Any CPU = Debug|Any CPU
		Release|Any CPU = Release|Any CPU
	EndGlobalSection
	GlobalSection(ProjectConfigurationPlatforms) = postSolution
		{AB4A36B0-A537-42B0-9157-A29093B114A1}.Debug|Any CPU.ActiveCfg = Debug|Any CPU
		{AB4A36B0-A537-42B0-9157-A29093B114A1}.Debug|Any CPU.Build.0 = Debug|Any CPU
		{AB4A36B0-A537-42B0-9157-A29093B114A1}.Release|Any CPU.ActiveCfg = Release|Any CPU
		{AB4A36B0-A537-42B0-9157-A29093B114A1}.Release|Any CPU.Build.0 = Release|Any CPU
		{FF8B6753-74A3-488E-B7C0-269B041CED0A}.Debug|Any CPU.ActiveCfg = Debug|Any CPU
		{FF8B6753-74A3-488E-B7C0-269B041CED0A}.Debug|Any CPU.Build.0 = Debug|Any CPU
		{FF8B6753-74A3-488E-B7C0-269B041CED0A}.Release|Any CPU.ActiveCfg = Release|Any CPU
		{FF8B6753-74A3-488E-B7C0-269B041CED0A}.Release|Any CPU.Build.0 = Release|Any CPU
		{ECBFCC44-A245-4A75-9ABE-3292641E20B5}.Debug|Any CPU.ActiveCfg = Debug|Any CPU
		{ECBFCC44-A245-4A75-9ABE-3292641E20B5}.Debug|Any CPU.Build.0 = Debug|Any CPU
		{ECBFCC44-A245-4A75-9ABE-3292641E20B5}.Release|Any CPU.ActiveCfg = Release|Any CPU
		{ECBFCC44-A245-4A75-9ABE-3292641E20B5}.Release|Any CPU.Build.0 = Release|Any CPU
		{97964672-51ED-4644-A910-1349DDA634A9}.Debug|Any CPU.ActiveCfg = Debug|Any CPU
		{97964672-51ED-4644-A910-1349DDA634A9}.Debug|Any CPU.Build.0 = Debug|Any CPU
		{97964672-51ED-4644-A910-1349DDA634A9}.Release|Any CPU.ActiveCfg = Release|Any CPU
		{97964672-51ED-4644-A910-1349DDA634A9}.Release|Any CPU.Build.0 = Release|Any CPU
		{10E22341-6C91-4683-8D7D-F1A440AD2CE3}.Debug|Any CPU.ActiveCfg = Debug|Any CPU
		{10E22341-6C91-4683-8D7D-F1A440AD2CE3}.Debug|Any CPU.Build.0 = Debug|Any CPU
		{10E22341-6C91-4683-8D7D-F1A440AD2CE3}.Release|Any CPU.ActiveCfg = Release|Any CPU
		{10E22341-6C91-4683-8D7D-F1A440AD2CE3}.Release|Any CPU.Build.0 = Release|Any CPU
		{CB98AAA7-0F58-4AAF-9EF2-A2D897C475F7}.Debug|Any CPU.ActiveCfg = Debug|Any CPU
		{CB98AAA7-0F58-4AAF-9EF2-A2D897C475F7}.Debug|Any CPU.Build.0 = Debug|Any CPU
		{CB98AAA7-0F58-4AAF-9EF2-A2D897C475F7}.Release|Any CPU.ActiveCfg = Release|Any CPU
		{CB98AAA7-0F58-4AAF-9EF2-A2D897C475F7}.Release|Any CPU.Build.0 = Release|Any CPU
	EndGlobalSection
	GlobalSection(SolutionProperties) = preSolution
		HideSolutionNode = FALSE
	EndGlobalSection
	GlobalSection(NestedProjects) = preSolution
		{FF8B6753-74A3-488E-B7C0-269B041CED0A} = {71A1C1C4-B3B4-4A6B-8FFD-9314E63D90E4}
		{ECBFCC44-A245-4A75-9ABE-3292641E20B5} = {EAF6F0D2-7723-44A7-A67E-0A121497FCEC}
		{97964672-51ED-4644-A910-1349DDA634A9} = {71A1C1C4-B3B4-4A6B-8FFD-9314E63D90E4}
		{10E22341-6C91-4683-8D7D-F1A440AD2CE3} = {71A1C1C4-B3B4-4A6B-8FFD-9314E63D90E4}
		{CB98AAA7-0F58-4AAF-9EF2-A2D897C475F7} = {EF0C66D2-A22B-4820-A230-B39545180D86}
	EndGlobalSection
	GlobalSection(ExtensibilityGlobals) = postSolution
		SolutionGuid = {6F6D5921-8A0A-45DA-BB06-6FBB1227A00A}
	EndGlobalSection
EndGlobal
